#MicroXplorer Configuration settings - do not modify
CAD.formats=
CAD.pinconfig=
CAD.provider=
File.Version=6
GPIO.groupedBy=Group By Peripherals
I2C1.IPParameters=Timing
I2C1.Timing=0x00303D5B
KeepUserPlacement=false
MMTAppRegionsCount=0
MMTConfigApplied=false
Mcu.CPN=STM32WB07CCV6TR
Mcu.Family=STM32WB0
Mcu.IP0=ADV_TRACE
Mcu.IP1=COMMON_BLE
Mcu.IP10=RADIO
Mcu.IP11=RADIO_TIMER
Mcu.IP12=RCC
Mcu.IP13=RNG
Mcu.IP14=SEQUENCER
Mcu.IP15=STM32_BLE
Mcu.IP16=SYS
Mcu.IP17=TINY_LPM
Mcu.IP18=USART1
Mcu.IP2=CORTEX_M0+
Mcu.IP3=DEBUG
Mcu.IP4=I2C1
Mcu.IP5=MEMORYMAP
Mcu.IP6=MISC
Mcu.IP7=NVIC
Mcu.IP8=PKA
Mcu.IP9=PWR
Mcu.IPNb=19
Mcu.Name=STM32WB07CCVx
Mcu.Package=VFQFPN48
Mcu.Pin0=PB3
Mcu.Pin1=PB0
Mcu.Pin10=PB11
Mcu.Pin11=PB10
Mcu.Pin12=PB9
Mcu.Pin13=VP_ADV_TRACE_VS_ADV_TRACE
Mcu.Pin14=VP_COMMON_BLE_VS_Utility_Common_BLE_1.0.0_1.0.0
Mcu.Pin15=VP_MISC_VS_MISC
Mcu.Pin16=VP_PKA_VS_PKA
Mcu.Pin17=VP_PWR_VS_SECSignals
Mcu.Pin18=VP_RADIO_TIMER_VS_RADIO
Mcu.Pin19=VP_RNG_VS_RNG
Mcu.Pin2=PA9
Mcu.Pin20=VP_SEQUENCER_VS_SEQUENCER
Mcu.Pin21=VP_STM32_BLE_VS_BLE_HOST_SP
Mcu.Pin22=VP_SYS_VS_Systick
Mcu.Pin23=VP_TINY_LPM_VS_TINY_LPM
Mcu.Pin24=VP_MEMORYMAP_VS_MEMORYMAP
Mcu.Pin3=PA2
Mcu.Pin4=PA3
Mcu.Pin5=RF1
Mcu.Pin6=OSCOUT
Mcu.Pin7=OSCIN
Mcu.Pin8=PB13
Mcu.Pin9=PB12
Mcu.PinsNb=25
Mcu.ThirdPartyNb=0
Mcu.UserConstants=
Mcu.UserName=STM32WB07CCVx
MxCube.Version=6.15.0
MxDb.Version=DB.6.0.150
NVIC.ForceEnableDMAVector=true
NVIC.GPIOB_IRQn=true\:1\:0\:false\:false\:true\:true\:true\:true
NVIC.HardFault_IRQn=true\:0\:0\:false\:false\:true\:false\:false\:false
NVIC.NonMaskableInt_IRQn=true\:0\:0\:false\:false\:true\:false\:false\:false
NVIC.PKA_IRQn=true\:1\:0\:false\:false\:true\:true\:true\:true
NVIC.PendSV_IRQn=true\:0\:0\:false\:false\:true\:false\:false\:false
NVIC.RADIO_TIMER_CPU_WKUP_IRQn=true\:0\:0\:false\:false\:true\:false\:true\:true
NVIC.RADIO_TIMER_ERROR_IRQn=true\:0\:0\:false\:false\:true\:false\:true\:true
NVIC.RADIO_TIMER_TXRX_WKUP_IRQn=true\:0\:0\:false\:false\:true\:false\:true\:true
NVIC.RADIO_TXRX_IRQn=true\:0\:0\:false\:false\:true\:false\:true\:true
NVIC.RADIO_TXRX_SEQ_IRQn=true\:0\:0\:false\:false\:true\:false\:true\:true
NVIC.SVCall_IRQn=true\:0\:0\:false\:false\:true\:false\:false\:false
NVIC.SysTick_IRQn=true\:3\:0\:false\:false\:true\:false\:true\:false
NVIC.USART1_IRQn=true\:1\:0\:false\:false\:true\:true\:true\:true
OSCIN.Mode=HSE-External-Oscillator
OSCIN.Signal=RCC_OSC_IN
OSCOUT.Mode=HSE-External-Oscillator
OSCOUT.Signal=RCC_OSC_OUT
PA2.Mode=Serial_Wire
PA2.Signal=DEBUG_SWDIO
PA3.Mode=Serial_Wire
PA3.Signal=DEBUG_SWCLK
PA9.Mode=Asynchronous
PA9.Signal=USART1_TX
PB0.Mode=Asynchronous
PB0.Signal=USART1_RX
PB10.Locked=true
PB10.Mode=I2C
PB10.Signal=I2C1_SDA
PB11.Locked=true
PB11.Mode=I2C
PB11.Signal=I2C1_SCL
PB12.Mode=LSE-External-Oscillator
PB12.Signal=RCC_OSC32_OUT
PB13.Mode=LSE-External-Oscillator
PB13.Signal=RCC_OSC32_IN
PB3.GPIOParameters=GPIO_Label
PB3.GPIO_Label=LED
PB3.Locked=true
PB3.Signal=GPIO_Output
PB9.Locked=true
PB9.Signal=GPXTI9
PinOutPanel.RotationAngle=0
ProjectManager.AskForMigrate=true
ProjectManager.BackupPrevious=false
ProjectManager.CompilerLinker=GCC
ProjectManager.CompilerOptimize=6
ProjectManager.ComputerToolchain=false
ProjectManager.CoupleFile=true
ProjectManager.CustomerFirmwarePackage=
ProjectManager.DefaultFWLocation=true
ProjectManager.DeletePrevious=true
ProjectManager.DeviceId=STM32WB07CCVx
ProjectManager.FirmwarePackage=STM32Cube FW_WB0 V1.3.0
ProjectManager.FreePins=false
ProjectManager.HalAssertFull=false
ProjectManager.HeapSize=0x000
ProjectManager.KeepUserCode=true
ProjectManager.LastFirmware=true
ProjectManager.LibraryCopy=1
ProjectManager.MainLocation=Core/Src
ProjectManager.NoMain=false
ProjectManager.PreviousToolchain=
ProjectManager.ProjectBuild=false
ProjectManager.ProjectFileName=IMU_LED_BLE_L.ioc
ProjectManager.ProjectName=IMU_LED_BLE_L
ProjectManager.ProjectStructure=
ProjectManager.RegisterCallBack=
ProjectManager.StackSize=0xC00
ProjectManager.TargetToolchain=STM32CubeIDE
ProjectManager.ToolChainLocation=
ProjectManager.UAScriptAfterPath=
ProjectManager.UAScriptBeforePath=
ProjectManager.UnderRoot=true
ProjectManager.functionlistsort=1-SystemClock_Config-RCC-false-HAL-false,2-MX_GPIO_Init-GPIO-false-HAL-true,3-MX_I2C1_Init-I2C1-false-HAL-true,4-MX_RNG_Init-RNG-false-HAL-true,5-MX_RADIO_Init-RADIO-false-HAL-true,6-MX_RADIO_TIMER_Init-RADIO_TIMER-false-HAL-true,7-MX_PKA_Init-PKA-false-HAL-true,8-MX_USART1_UART_Init-USART1-true-HAL-false,9-APPE_Init-STM32_BLE-false-HAL-false,0-MX_CORTEX_M0+_Init-CORTEX_M0+-false-HAL-true,0-MX_PWR_Init-PWR-false-HAL-true
RCC.BLEFreq_VALUE=32000000
RCC.CLKI2S2Freq_VALUE=32000000
RCC.CLKI2S3Freq_VALUE=32000000
RCC.CLKSYSFreq_VALUE=64000000
RCC.ClkSMPSFreq_VALUE=4000000
RCC.FamilyName=M
RCC.HSE_VALUE=32000000
RCC.HSI_VALUE=64000000
RCC.IPParameters=BLEFreq_VALUE,CLKI2S2Freq_VALUE,CLKI2S3Freq_VALUE,CLKSYSFreq_VALUE,ClkSMPSFreq_VALUE,FamilyName,HSE_VALUE,HSI_VALUE,LSCOPinFreq_Value,LSI_VALUE,MCO1PinFreq_Value,RC64MPLLSource,RTCClockSelection,RTCFreq_Value,SysCLKFreq_VALUE
RCC.LSCOPinFreq_Value=32000
RCC.LSI_VALUE=32000
RCC.MCO1PinFreq_Value=64000000
RCC.RC64MPLLSource=RCC_LSCOSOURCE_PLL64
RCC.RTCClockSelection=RCC_RTC_WDG_BLEWKUP_CLKSOURCE_LSE
RCC.RTCFreq_Value=32768
RCC.SysCLKFreq_VALUE=64000000
RF1.Mode=RF1_Activate
RF1.Signal=RADIO_RF1
SH.GPXTI9.0=GPIO_EXTI9
SH.GPXTI9.ConfNb=1
STM32_BLE.AD_TYPE_COMPLETE_LOCAL_NAME=LANDSLIDE_EWS
STM32_BLE.AD_TYPE_COMPLETE_LOCAL_NAME_LENGTH=14
STM32_BLE.AD_TYPE_SHORTENED_LOCAL_NAME=L_EWS
STM32_BLE.AD_TYPE_SHORTENED_LOCAL_NAME_LENGTH=6
STM32_BLE.BSP.number=1
STM32_BLE.INCLUDE_AD_TYPE_COMPLETE_LOCAL_NAME=1
STM32_BLE.INCLUDE_AD_TYPE_SHORTENED_LOCAL_NAME=1
STM32_BLE.IPParameters=INCLUDE_AD_TYPE_COMPLETE_LOCAL_NAME,AD_TYPE_COMPLETE_LOCAL_NAME,AD_TYPE_COMPLETE_LOCAL_NAME_LENGTH,INCLUDE_AD_TYPE_SHORTENED_LOCAL_NAME,AD_TYPE_SHORTENED_LOCAL_NAME,AD_TYPE_SHORTENED_LOCAL_NAME_LENGTH
STM32_BLE0.BSP.STBoard=false
STM32_BLE0.BSP.api=Unknown
STM32_BLE0.BSP.component=
STM32_BLE0.BSP.condition=
STM32_BLE0.BSP.instance=USART1
STM32_BLE0.BSP.ip=(LPU|US)ART
STM32_BLE0.BSP.mode=Asynchronous
STM32_BLE0.BSP.name=Serial Link for Traces
STM32_BLE0.BSP.semaphore=
STM32_BLE0.BSP.solution=USART1
USART1.IPParameters=VirtualMode-Asynchronous
USART1.VirtualMode-Asynchronous=VM_ASYNC
VP_ADV_TRACE_VS_ADV_TRACE.Mode=ADV_TRACE_Enabled
VP_ADV_TRACE_VS_ADV_TRACE.Signal=ADV_TRACE_VS_ADV_TRACE
VP_COMMON_BLE_VS_Utility_Common_BLE_1.0.0_1.0.0.Mode=Utility_Common
VP_COMMON_BLE_VS_Utility_Common_BLE_1.0.0_1.0.0.Signal=COMMON_BLE_VS_Utility_Common_BLE_1.0.0_1.0.0
VP_MEMORYMAP_VS_MEMORYMAP.Mode=CurAppReg
VP_MEMORYMAP_VS_MEMORYMAP.Signal=MEMORYMAP_VS_MEMORYMAP
VP_MISC_VS_MISC.Mode=MISC_Enabled
VP_MISC_VS_MISC.Signal=MISC_VS_MISC
VP_PKA_VS_PKA.Mode=PKA_Activate
VP_PKA_VS_PKA.Signal=PKA_VS_PKA
VP_PWR_VS_SECSignals.Mode=Security/Privilege
VP_PWR_VS_SECSignals.Signal=PWR_VS_SECSignals
VP_RADIO_TIMER_VS_RADIO.Mode=RADIO_Activate
VP_RADIO_TIMER_VS_RADIO.Signal=RADIO_TIMER_VS_RADIO
VP_RNG_VS_RNG.Mode=RNG_Activate
VP_RNG_VS_RNG.Signal=RNG_VS_RNG
VP_SEQUENCER_VS_SEQUENCER.Mode=SEQUENCER_Enabled
VP_SEQUENCER_VS_SEQUENCER.Signal=SEQUENCER_VS_SEQUENCER
VP_STM32_BLE_VS_BLE_HOST_SP.Mode=BLE_Server
VP_STM32_BLE_VS_BLE_HOST_SP.Signal=STM32_BLE_VS_BLE_HOST_SP
VP_SYS_VS_Systick.Mode=SysTick
VP_SYS_VS_Systick.Signal=SYS_VS_Systick
VP_TINY_LPM_VS_TINY_LPM.Mode=TINY_LPM_Enabled
VP_TINY_LPM_VS_TINY_LPM.Signal=TINY_LPM_VS_TINY_LPM
board=custom
isbadioc=false
